
Microsoft Visual Studio Solution File, Format Version 12.00
# Visual Studio Version 16
VisualStudioVersion = 16.0.28803.352
MinimumVisualStudioVersion = 10.0.40219.1
Project("{FAE04EC0-301F-11D3-BF4B-00C04F79EFBC}") = "01.SortNumbers", "01.SortNumbers\01.SortNumbers.csproj", "{B2E8C94B-F418-4DEA-A4D0-4D286C2E048B}"
EndProject
Project("{FAE04EC0-301F-11D3-BF4B-00C04F79EFBC}") = "02.EnglishNameOfTheLastDigit", "02.EnglishNameOfTheLastDigit\02.EnglishNameOfTheLastDigit.csproj", "{1BBCEA3F-A60F-4E4D-802D-82A70D52CA68}"
EndProject
Project("{FAE04EC0-301F-11D3-BF4B-00C04F79EFBC}") = "03.GamingStore", "03.GamingStore\03.GamingStore.csproj", "{8A4921BB-2933-482A-8E21-E4C1403B7A04}"
EndProject
Project("{FAE04EC0-301F-11D3-BF4B-00C04F79EFBC}") = "04.ReverseString", "04.ReverseString\04.ReverseString.csproj", "{EB5FBDB2-1F99-4E88-B740-9408001AEC13}"
EndProject
Project("{FAE04EC0-301F-11D3-BF4B-00C04F79EFBC}") = "05.Messages", "05.Messages\05.Messages.csproj", "{963B1C82-54C4-4D5C-BF82-345B2C094378}"
EndProject
Global
	GlobalSection(SolutionConfigurationPlatforms) = preSolution
		Debug|Any CPU = Debug|Any CPU
		Release|Any CPU = Release|Any CPU
	EndGlobalSection
	GlobalSection(ProjectConfigurationPlatforms) = postSolution
		{B2E8C94B-F418-4DEA-A4D0-4D286C2E048B}.Debug|Any CPU.ActiveCfg = Debug|Any CPU
		{B2E8C94B-F418-4DEA-A4D0-4D286C2E048B}.Debug|Any CPU.Build.0 = Debug|Any CPU
		{B2E8C94B-F418-4DEA-A4D0-4D286C2E048B}.Release|Any CPU.ActiveCfg = Release|Any CPU
		{B2E8C94B-F418-4DEA-A4D0-4D286C2E048B}.Release|Any CPU.Build.0 = Release|Any CPU
		{1BBCEA3F-A60F-4E4D-802D-82A70D52CA68}.Debug|Any CPU.ActiveCfg = Debug|Any CPU
		{1BBCEA3F-A60F-4E4D-802D-82A70D52CA68}.Debug|Any CPU.Build.0 = Debug|Any CPU
		{1BBCEA3F-A60F-4E4D-802D-82A70D52CA68}.Release|Any CPU.ActiveCfg = Release|Any CPU
		{1BBCEA3F-A60F-4E4D-802D-82A70D52CA68}.Release|Any CPU.Build.0 = Release|Any CPU
		{8A4921BB-2933-482A-8E21-E4C1403B7A04}.Debug|Any CPU.ActiveCfg = Debug|Any CPU
		{8A4921BB-2933-482A-8E21-E4C1403B7A04}.Debug|Any CPU.Build.0 = Debug|Any CPU
		{8A4921BB-2933-482A-8E21-E4C1403B7A04}.Release|Any CPU.ActiveCfg = Release|Any CPU
		{8A4921BB-2933-482A-8E21-E4C1403B7A04}.Release|Any CPU.Build.0 = Release|Any CPU
		{EB5FBDB2-1F99-4E88-B740-9408001AEC13}.Debug|Any CPU.ActiveCfg = Debug|Any CPU
		{EB5FBDB2-1F99-4E88-B740-9408001AEC13}.Debug|Any CPU.Build.0 = Debug|Any CPU
		{EB5FBDB2-1F99-4E88-B740-9408001AEC13}.Release|Any CPU.ActiveCfg = Release|Any CPU
		{EB5FBDB2-1F99-4E88-B740-9408001AEC13}.Release|Any CPU.Build.0 = Release|Any CPU
		{963B1C82-54C4-4D5C-BF82-345B2C094378}.Debug|Any CPU.ActiveCfg = Debug|Any CPU
		{963B1C82-54C4-4D5C-BF82-345B2C094378}.Debug|Any CPU.Build.0 = Debug|Any CPU
		{963B1C82-54C4-4D5C-BF82-345B2C094378}.Release|Any CPU.ActiveCfg = Release|Any CPU
		{963B1C82-54C4-4D5C-BF82-345B2C094378}.Release|Any CPU.Build.0 = Release|Any CPU
	EndGlobalSection
	GlobalSection(SolutionProperties) = preSolution
		HideSolutionNode = FALSE
	EndGlobalSection
	GlobalSection(ExtensibilityGlobals) = postSolution
		SolutionGuid = {E1A6B020-7771-4346-BE07-56C0DB8D424B}
	EndGlobalSection
EndGlobal
